
Microsoft Visual Studio Solution File, Format Version 12.00
# Visual Studio Version 17
VisualStudioVersion = 17.14.36221.1 d17.14
MinimumVisualStudioVersion = 10.0.40219.1
Project("{FAE04EC0-301F-11D3-BF4B-00C04F79EFBC}") = "HelloWorld", "HelloWorld\HelloWorld.csproj", "{232F2AFD-95B0-4D1C-8ED0-5B927E9702FE}"
EndProject
Project("{FAE04EC0-301F-11D3-BF4B-00C04F79EFBC}") = "ReadAndWrite", "ReadAndWrite\ReadAndWrite.csproj", "{95A1ED6D-2B31-49E9-80C7-6D6832F925A9}"
EndProject
Project("{FAE04EC0-301F-11D3-BF4B-00C04F79EFBC}") = "BuiltInTypes", "BuiltInTypes\BuiltInTypes.csproj", "{C954042F-4EDE-4AD2-9B43-040199E30054}"
EndProject
Project("{FAE04EC0-301F-11D3-BF4B-00C04F79EFBC}") = "CommonOperators", "CommonOperators\CommonOperators.csproj", "{C25CA175-6C1E-45E3-848F-01BF57FEFECA}"
EndProject
Project("{FAE04EC0-301F-11D3-BF4B-00C04F79EFBC}") = "NullableTypes", "NullableTypes\NullableTypes.csproj", "{5ACE3EB3-F2FD-42FE-A9F2-E984BE603A9E}"
EndProject
Project("{FAE04EC0-301F-11D3-BF4B-00C04F79EFBC}") = "DataTypeConversion", "DataTypeConversion\DataTypeConversion.csproj", "{6FF38C05-688F-4260-9F85-B53E6FEBD877}"
EndProject
Project("{FAE04EC0-301F-11D3-BF4B-00C04F79EFBC}") = "Arrays", "Arrays\Arrays.csproj", "{D0A2364E-8D2F-4969-9E61-C257CF8782BF}"
EndProject
Project("{FAE04EC0-301F-11D3-BF4B-00C04F79EFBC}") = "Comments", "Comments\Comments.csproj", "{CD516A8C-8749-4AFC-8935-AE4F5C0931FB}"
EndProject
Global
	GlobalSection(SolutionConfigurationPlatforms) = preSolution
		Debug|Any CPU = Debug|Any CPU
		Release|Any CPU = Release|Any CPU
	EndGlobalSection
	GlobalSection(ProjectConfigurationPlatforms) = postSolution
		{232F2AFD-95B0-4D1C-8ED0-5B927E9702FE}.Debug|Any CPU.ActiveCfg = Debug|Any CPU
		{232F2AFD-95B0-4D1C-8ED0-5B927E9702FE}.Debug|Any CPU.Build.0 = Debug|Any CPU
		{232F2AFD-95B0-4D1C-8ED0-5B927E9702FE}.Release|Any CPU.ActiveCfg = Release|Any CPU
		{232F2AFD-95B0-4D1C-8ED0-5B927E9702FE}.Release|Any CPU.Build.0 = Release|Any CPU
		{95A1ED6D-2B31-49E9-80C7-6D6832F925A9}.Debug|Any CPU.ActiveCfg = Debug|Any CPU
		{95A1ED6D-2B31-49E9-80C7-6D6832F925A9}.Debug|Any CPU.Build.0 = Debug|Any CPU
		{95A1ED6D-2B31-49E9-80C7-6D6832F925A9}.Release|Any CPU.ActiveCfg = Release|Any CPU
		{95A1ED6D-2B31-49E9-80C7-6D6832F925A9}.Release|Any CPU.Build.0 = Release|Any CPU
		{C954042F-4EDE-4AD2-9B43-040199E30054}.Debug|Any CPU.ActiveCfg = Debug|Any CPU
		{C954042F-4EDE-4AD2-9B43-040199E30054}.Debug|Any CPU.Build.0 = Debug|Any CPU
		{C954042F-4EDE-4AD2-9B43-040199E30054}.Release|Any CPU.ActiveCfg = Release|Any CPU
		{C954042F-4EDE-4AD2-9B43-040199E30054}.Release|Any CPU.Build.0 = Release|Any CPU
		{C25CA175-6C1E-45E3-848F-01BF57FEFECA}.Debug|Any CPU.ActiveCfg = Debug|Any CPU
		{C25CA175-6C1E-45E3-848F-01BF57FEFECA}.Debug|Any CPU.Build.0 = Debug|Any CPU
		{C25CA175-6C1E-45E3-848F-01BF57FEFECA}.Release|Any CPU.ActiveCfg = Release|Any CPU
		{C25CA175-6C1E-45E3-848F-01BF57FEFECA}.Release|Any CPU.Build.0 = Release|Any CPU
		{5ACE3EB3-F2FD-42FE-A9F2-E984BE603A9E}.Debug|Any CPU.ActiveCfg = Debug|Any CPU
		{5ACE3EB3-F2FD-42FE-A9F2-E984BE603A9E}.Debug|Any CPU.Build.0 = Debug|Any CPU
		{5ACE3EB3-F2FD-42FE-A9F2-E984BE603A9E}.Release|Any CPU.ActiveCfg = Release|Any CPU
		{5ACE3EB3-F2FD-42FE-A9F2-E984BE603A9E}.Release|Any CPU.Build.0 = Release|Any CPU
		{6FF38C05-688F-4260-9F85-B53E6FEBD877}.Debug|Any CPU.ActiveCfg = Debug|Any CPU
		{6FF38C05-688F-4260-9F85-B53E6FEBD877}.Debug|Any CPU.Build.0 = Debug|Any CPU
		{6FF38C05-688F-4260-9F85-B53E6FEBD877}.Release|Any CPU.ActiveCfg = Release|Any CPU
		{6FF38C05-688F-4260-9F85-B53E6FEBD877}.Release|Any CPU.Build.0 = Release|Any CPU
		{D0A2364E-8D2F-4969-9E61-C257CF8782BF}.Debug|Any CPU.ActiveCfg = Debug|Any CPU
		{D0A2364E-8D2F-4969-9E61-C257CF8782BF}.Debug|Any CPU.Build.0 = Debug|Any CPU
		{D0A2364E-8D2F-4969-9E61-C257CF8782BF}.Release|Any CPU.ActiveCfg = Release|Any CPU
		{D0A2364E-8D2F-4969-9E61-C257CF8782BF}.Release|Any CPU.Build.0 = Release|Any CPU
		{CD516A8C-8749-4AFC-8935-AE4F5C0931FB}.Debug|Any CPU.ActiveCfg = Debug|Any CPU
		{CD516A8C-8749-4AFC-8935-AE4F5C0931FB}.Debug|Any CPU.Build.0 = Debug|Any CPU
		{CD516A8C-8749-4AFC-8935-AE4F5C0931FB}.Release|Any CPU.ActiveCfg = Release|Any CPU
		{CD516A8C-8749-4AFC-8935-AE4F5C0931FB}.Release|Any CPU.Build.0 = Release|Any CPU
	EndGlobalSection
	GlobalSection(SolutionProperties) = preSolution
		HideSolutionNode = FALSE
	EndGlobalSection
	GlobalSection(ExtensibilityGlobals) = postSolution
		SolutionGuid = {BE61A787-11E5-43BE-9571-99535AE8FA24}
	EndGlobalSection
EndGlobal
